
Microsoft Visual Studio Solution File, Format Version 12.00
# Visual Studio Version 17
VisualStudioVersion = 17.14.37516.0
MinimumVisualStudioVersion = 10.0.40219.1
Project("{FAE04EC0-301F-11D3-BF4B-00C04F79EFBC}") = "Exercicio08", "TP 1 C#\Exercicio08.csproj", "{FC538957-9352-4B39-BBEC-450975315C9F}"
EndProject
Project("{FAE04EC0-301F-11D3-BF4B-00C04F79EFBC}") = "Exercicio06", "..\Ex6\Ex6\Exercicio06.csproj", "{01D2D15B-2BBC-CAAA-D641-D116BEBB19FB}"
EndProject
Project("{FAE04EC0-301F-11D3-BF4B-00C04F79EFBC}") = "Exercicio09", "Ex8-tp1\Exercicio09.csproj", "{920122B5-5A8B-44CC-948B-EB9CA668D03E}"
EndProject
Project("{FAE04EC0-301F-11D3-BF4B-00C04F79EFBC}") = "Exercicio10", "Ex10-tp1\Exercicio10.csproj", "{450630CA-6738-407F-930B-D674E03365AD}"
EndProject
Project("{2150E333-8FDC-42A3-9474-1A3956D46DE8}") = "Itens de Solução", "Itens de Solução", "{380A7511-A354-6D7A-0CC0-8FA1F1BA7B6C}"
	ProjectSection(SolutionItems) = preProject
		README.md = README.md
	EndProjectSection
EndProject
Global
	GlobalSection(SolutionConfigurationPlatforms) = preSolution
		Debug|Any CPU = Debug|Any CPU
		Release|Any CPU = Release|Any CPU
	EndGlobalSection
	GlobalSection(ProjectConfigurationPlatforms) = postSolution
		{FC538957-9352-4B39-BBEC-450975315C9F}.Debug|Any CPU.ActiveCfg = Debug|Any CPU
		{FC538957-9352-4B39-BBEC-450975315C9F}.Debug|Any CPU.Build.0 = Debug|Any CPU
		{FC538957-9352-4B39-BBEC-450975315C9F}.Release|Any CPU.ActiveCfg = Release|Any CPU
		{FC538957-9352-4B39-BBEC-450975315C9F}.Release|Any CPU.Build.0 = Release|Any CPU
		{01D2D15B-2BBC-CAAA-D641-D116BEBB19FB}.Debug|Any CPU.ActiveCfg = Debug|Any CPU
		{01D2D15B-2BBC-CAAA-D641-D116BEBB19FB}.Debug|Any CPU.Build.0 = Debug|Any CPU
		{01D2D15B-2BBC-CAAA-D641-D116BEBB19FB}.Release|Any CPU.ActiveCfg = Release|Any CPU
		{01D2D15B-2BBC-CAAA-D641-D116BEBB19FB}.Release|Any CPU.Build.0 = Release|Any CPU
		{920122B5-5A8B-44CC-948B-EB9CA668D03E}.Debug|Any CPU.ActiveCfg = Debug|Any CPU
		{920122B5-5A8B-44CC-948B-EB9CA668D03E}.Debug|Any CPU.Build.0 = Debug|Any CPU
		{920122B5-5A8B-44CC-948B-EB9CA668D03E}.Release|Any CPU.ActiveCfg = Release|Any CPU
		{920122B5-5A8B-44CC-948B-EB9CA668D03E}.Release|Any CPU.Build.0 = Release|Any CPU
		{450630CA-6738-407F-930B-D674E03365AD}.Debug|Any CPU.ActiveCfg = Debug|Any CPU
		{450630CA-6738-407F-930B-D674E03365AD}.Debug|Any CPU.Build.0 = Debug|Any CPU
		{450630CA-6738-407F-930B-D674E03365AD}.Release|Any CPU.ActiveCfg = Release|Any CPU
		{450630CA-6738-407F-930B-D674E03365AD}.Release|Any CPU.Build.0 = Release|Any CPU
	EndGlobalSection
	GlobalSection(SolutionProperties) = preSolution
		HideSolutionNode = FALSE
	EndGlobalSection
	GlobalSection(ExtensibilityGlobals) = postSolution
		SolutionGuid = {F96F594B-B500-4E17-AD1F-047352504792}
	EndGlobalSection
EndGlobal
